// !$*UTF8*$!
{
	archiveVersion = 1;
	classes = {
	};
	objectVersion = 52;
	objects = {

/* Begin PBXBuildFile section */
		6045639D260FA7CE00B3A203 /* Assets.swift in Sources */ = {isa = PBXBuildFile; fileRef = 6045639C260FA7CE00B3A203 /* Assets.swift */; };
		604563B2260FB05100B3A203 /* ParameterEncoding.swift in Sources */ = {isa = PBXBuildFile; fileRef = 604563B1260FB05100B3A203 /* ParameterEncoding.swift */; };
		604563BA260FB07000B3A203 /* JSONParameterEncoding.swift in Sources */ = {isa = PBXBuildFile; fileRef = 604563B9260FB07000B3A203 /* JSONParameterEncoding.swift */; };
		604563BF260FB08C00B3A203 /* URLParameterEncoding.swift in Sources */ = {isa = PBXBuildFile; fileRef = 604563BE260FB08C00B3A203 /* URLParameterEncoding.swift */; };
		604563C4260FB0FB00B3A203 /* EndPointType.swift in Sources */ = {isa = PBXBuildFile; fileRef = 604563C3260FB0FB00B3A203 /* EndPointType.swift */; };
		604563C9260FB10C00B3A203 /* HTTPMethod.swift in Sources */ = {isa = PBXBuildFile; fileRef = 604563C8260FB10C00B3A203 /* HTTPMethod.swift */; };
		604563CE260FB12200B3A203 /* HttpTask.swift in Sources */ = {isa = PBXBuildFile; fileRef = 604563CD260FB12200B3A203 /* HttpTask.swift */; };
		604563D3260FB13900B3A203 /* NetworkRouterProtocol.swift in Sources */ = {isa = PBXBuildFile; fileRef = 604563D2260FB13900B3A203 /* NetworkRouterProtocol.swift */; };
		604563D8260FB1E200B3A203 /* URLSessionProtocol.swift in Sources */ = {isa = PBXBuildFile; fileRef = 604563D7260FB1E200B3A203 /* URLSessionProtocol.swift */; };
		604563E2260FB2D700B3A203 /* Router.swift in Sources */ = {isa = PBXBuildFile; fileRef = 604563E1260FB2D700B3A203 /* Router.swift */; };
		604563E7260FB44400B3A203 /* NetworkManager.swift in Sources */ = {isa = PBXBuildFile; fileRef = 604563E6260FB44400B3A203 /* NetworkManager.swift */; };
		604563EC260FB4E200B3A203 /* NetworkError.swift in Sources */ = {isa = PBXBuildFile; fileRef = 604563EB260FB4E200B3A203 /* NetworkError.swift */; };
		604563F2260FC1E100B3A203 /* Environment.swift in Sources */ = {isa = PBXBuildFile; fileRef = 604563F1260FC1E100B3A203 /* Environment.swift */; };
		604563FA260FC32100B3A203 /* RecipeEndPoint.swift in Sources */ = {isa = PBXBuildFile; fileRef = 604563F9260FC32100B3A203 /* RecipeEndPoint.swift */; };
		60456400260FC80C00B3A203 /* Coordinator.swift in Sources */ = {isa = PBXBuildFile; fileRef = 604563FF260FC80C00B3A203 /* Coordinator.swift */; };
		6045640A260FC94000B3A203 /* AppTab.swift in Sources */ = {isa = PBXBuildFile; fileRef = 60456409260FC94000B3A203 /* AppTab.swift */; };
		60456412260FC9DC00B3A203 /* MainTabBarController.swift in Sources */ = {isa = PBXBuildFile; fileRef = 60456411260FC9DC00B3A203 /* MainTabBarController.swift */; };
		60456417260FCA1B00B3A203 /* ColorPalette.xcassets in Resources */ = {isa = PBXBuildFile; fileRef = 60456416260FCA1B00B3A203 /* ColorPalette.xcassets */; };
		60456427260FCAD700B3A203 /* TabBarCoordinator.swift in Sources */ = {isa = PBXBuildFile; fileRef = 60456426260FCAD700B3A203 /* TabBarCoordinator.swift */; };
		6045642D260FCC1800B3A203 /* BaseViewController.swift in Sources */ = {isa = PBXBuildFile; fileRef = 6045642C260FCC1800B3A203 /* BaseViewController.swift */; };
		60456435260FCCB900B3A203 /* BaseVeiwModel.swift in Sources */ = {isa = PBXBuildFile; fileRef = 60456434260FCCB900B3A203 /* BaseVeiwModel.swift */; };
		60456441260FCD1C00B3A203 /* BehaviorSubject.swift in Sources */ = {isa = PBXBuildFile; fileRef = 6045643B260FCD1C00B3A203 /* BehaviorSubject.swift */; };
		60456442260FCD1C00B3A203 /* ObservationToken.swift in Sources */ = {isa = PBXBuildFile; fileRef = 6045643C260FCD1C00B3A203 /* ObservationToken.swift */; };
		60456443260FCD1C00B3A203 /* PublishSubject.swift in Sources */ = {isa = PBXBuildFile; fileRef = 6045643D260FCD1C00B3A203 /* PublishSubject.swift */; };
		60456444260FCD1C00B3A203 /* Observer.swift in Sources */ = {isa = PBXBuildFile; fileRef = 6045643E260FCD1C00B3A203 /* Observer.swift */; };
		60456445260FCD1C00B3A203 /* Variable.swift in Sources */ = {isa = PBXBuildFile; fileRef = 6045643F260FCD1C00B3A203 /* Variable.swift */; };
		60456446260FCD1C00B3A203 /* Observable.swift in Sources */ = {isa = PBXBuildFile; fileRef = 60456440260FCD1C00B3A203 /* Observable.swift */; };
		6045644B260FCD2900B3A203 /* State.swift in Sources */ = {isa = PBXBuildFile; fileRef = 6045644A260FCD2900B3A203 /* State.swift */; };
		60456451260FCD7200B3A203 /* UIViewController.swift+Loadding+Alert.swift in Sources */ = {isa = PBXBuildFile; fileRef = 60456450260FCD7200B3A203 /* UIViewController.swift+Loadding+Alert.swift */; };
		6045647D260FD3BE00B3A203 /* TabBarItem + ImageOnly.swift in Sources */ = {isa = PBXBuildFile; fileRef = 6045647C260FD3BE00B3A203 /* TabBarItem + ImageOnly.swift */; };
		60456483260FD43100B3A203 /* RecipeListCoordinator.swift in Sources */ = {isa = PBXBuildFile; fileRef = 60456482260FD43100B3A203 /* RecipeListCoordinator.swift */; };
		6045648A260FD4AB00B3A203 /* RecipeListViewController.swift in Sources */ = {isa = PBXBuildFile; fileRef = 60456488260FD4AB00B3A203 /* RecipeListViewController.swift */; };
		6045648B260FD4AB00B3A203 /* RecipeListViewController.xib in Resources */ = {isa = PBXBuildFile; fileRef = 60456489260FD4AB00B3A203 /* RecipeListViewController.xib */; };
		60456495260FD6EF00B3A203 /* FavoriteViewController.swift in Sources */ = {isa = PBXBuildFile; fileRef = 60456493260FD6EF00B3A203 /* FavoriteViewController.swift */; };
		60456496260FD6EF00B3A203 /* FavoriteViewController.xib in Resources */ = {isa = PBXBuildFile; fileRef = 60456494260FD6EF00B3A203 /* FavoriteViewController.xib */; };
		604564A0260FD71900B3A203 /* FavoriteCoordinator.swift in Sources */ = {isa = PBXBuildFile; fileRef = 6045649F260FD71900B3A203 /* FavoriteCoordinator.swift */; };
		604564A8260FD80000B3A203 /* ApplicationCoordinator.swift in Sources */ = {isa = PBXBuildFile; fileRef = 604564A7260FD80000B3A203 /* ApplicationCoordinator.swift */; };
		604564B2260FDA4F00B3A203 /* LoginViewController.swift in Sources */ = {isa = PBXBuildFile; fileRef = 604564B0260FDA4F00B3A203 /* LoginViewController.swift */; };
		604564B3260FDA4F00B3A203 /* LoginViewController.xib in Resources */ = {isa = PBXBuildFile; fileRef = 604564B1260FDA4F00B3A203 /* LoginViewController.xib */; };
		604564C9260FE6EA00B3A203 /* UserDefaults.swift in Sources */ = {isa = PBXBuildFile; fileRef = 604564C8260FE6EA00B3A203 /* UserDefaults.swift */; };
		604564D1260FE77500B3A203 /* UserDefaultsKeys.swift in Sources */ = {isa = PBXBuildFile; fileRef = 604564D0260FE77500B3A203 /* UserDefaultsKeys.swift */; };
		604564DA260FE8B200B3A203 /* UserDefaults+Services.swift in Sources */ = {isa = PBXBuildFile; fileRef = 604564D9260FE8B200B3A203 /* UserDefaults+Services.swift */; };
		604564DF260FEB1C00B3A203 /* AuthCoordinator.swift in Sources */ = {isa = PBXBuildFile; fileRef = 604564DE260FEB1C00B3A203 /* AuthCoordinator.swift */; };
		608BB7AC260F9C01003DF558 /* AppDelegate.swift in Sources */ = {isa = PBXBuildFile; fileRef = 608BB7AB260F9C01003DF558 /* AppDelegate.swift */; };
		608BB7AE260F9C01003DF558 /* SceneDelegate.swift in Sources */ = {isa = PBXBuildFile; fileRef = 608BB7AD260F9C01003DF558 /* SceneDelegate.swift */; };
		608BB7B5260F9C02003DF558 /* Assets.xcassets in Resources */ = {isa = PBXBuildFile; fileRef = 608BB7B4260F9C02003DF558 /* Assets.xcassets */; };
		608BB7B8260F9C02003DF558 /* LaunchScreen.storyboard in Resources */ = {isa = PBXBuildFile; fileRef = 608BB7B6260F9C02003DF558 /* LaunchScreen.storyboard */; };
		60F9F4A52610B1C400ACFB7F /* UIView + Helpers.swift in Sources */ = {isa = PBXBuildFile; fileRef = 60F9F4A42610B1C400ACFB7F /* UIView + Helpers.swift */; };
		60F9F4B12610BDFE00ACFB7F /* LoginViewModel.swift in Sources */ = {isa = PBXBuildFile; fileRef = 60F9F4B02610BDFE00ACFB7F /* LoginViewModel.swift */; };
		60F9F4CF2610CFD400ACFB7F /* User.swift in Sources */ = {isa = PBXBuildFile; fileRef = 60F9F4CE2610CFD400ACFB7F /* User.swift */; };
		60F9F4D72610D10B00ACFB7F /* LoginUseCase.swift in Sources */ = {isa = PBXBuildFile; fileRef = 60F9F4D62610D10B00ACFB7F /* LoginUseCase.swift */; };
		60F9F5082610DEDB00ACFB7F /* ValidatorFactory.swift in Sources */ = {isa = PBXBuildFile; fileRef = 60F9F5072610DEDB00ACFB7F /* ValidatorFactory.swift */; };
		60F9F5192610E48900ACFB7F /* RecipeTextField.swift in Sources */ = {isa = PBXBuildFile; fileRef = 60F9F5182610E48900ACFB7F /* RecipeTextField.swift */; };
		60F9F5242610FBE800ACFB7F /* RecipeMainModel.swift in Sources */ = {isa = PBXBuildFile; fileRef = 60F9F5232610FBE800ACFB7F /* RecipeMainModel.swift */; };
		60F9F52C2610FD5400ACFB7F /* RecipeUseCase.swift in Sources */ = {isa = PBXBuildFile; fileRef = 60F9F52B2610FD5400ACFB7F /* RecipeUseCase.swift */; };
		60F9F538261103D000ACFB7F /* RecipeListViewModel.swift in Sources */ = {isa = PBXBuildFile; fileRef = 60F9F537261103D000ACFB7F /* RecipeListViewModel.swift */; };
		60F9F543261118CE00ACFB7F /* Kingfisher in Frameworks */ = {isa = PBXBuildFile; productRef = 60F9F542261118CE00ACFB7F /* Kingfisher */; };
		60F9F54C261118E400ACFB7F /* ImageRepresentable.swift in Sources */ = {isa = PBXBuildFile; fileRef = 60F9F54B261118E400ACFB7F /* ImageRepresentable.swift */; };
		60F9F5542611192200ACFB7F /* UIImage+LoadImage.swift in Sources */ = {isa = PBXBuildFile; fileRef = 60F9F5532611192200ACFB7F /* UIImage+LoadImage.swift */; };
		60F9F55B26111C9600ACFB7F /* RecipeCell.swift in Sources */ = {isa = PBXBuildFile; fileRef = 60F9F55926111C9600ACFB7F /* RecipeCell.swift */; };
		60F9F55C26111C9600ACFB7F /* RecipeCell.xib in Resources */ = {isa = PBXBuildFile; fileRef = 60F9F55A26111C9600ACFB7F /* RecipeCell.xib */; };
		60F9F56426111CB200ACFB7F /* RecipeCellRepresentable.swift in Sources */ = {isa = PBXBuildFile; fileRef = 60F9F56326111CB200ACFB7F /* RecipeCellRepresentable.swift */; };
		60F9F56F261123E300ACFB7F /* Recipe+Representable.swift in Sources */ = {isa = PBXBuildFile; fileRef = 60F9F56E261123E300ACFB7F /* Recipe+Representable.swift */; };
		60F9F5742611281D00ACFB7F /* TableView+Helpers.swift in Sources */ = {isa = PBXBuildFile; fileRef = 60F9F5732611281D00ACFB7F /* TableView+Helpers.swift */; };
		60F9F5792611284900ACFB7F /* NSObject+Helpers.swift in Sources */ = {isa = PBXBuildFile; fileRef = 60F9F5782611284900ACFB7F /* NSObject+Helpers.swift */; };
		60F9F589261137C300ACFB7F /* RecipeDetailsViewController.swift in Sources */ = {isa = PBXBuildFile; fileRef = 60F9F587261137C300ACFB7F /* RecipeDetailsViewController.swift */; };
		60F9F58A261137C300ACFB7F /* RecipeDetailsViewController.xib in Resources */ = {isa = PBXBuildFile; fileRef = 60F9F588261137C300ACFB7F /* RecipeDetailsViewController.xib */; };
/* End PBXBuildFile section */

/* Begin PBXContainerItemProxy section */
		608BB7BF260F9C02003DF558 /* PBXContainerItemProxy */ = {
			isa = PBXContainerItemProxy;
			containerPortal = 608BB7A0260F9C00003DF558 /* Project object */;
			proxyType = 1;
			remoteGlobalIDString = 608BB7A7260F9C01003DF558;
			remoteInfo = RecipeApp;
		};
		608BB7CA260F9C02003DF558 /* PBXContainerItemProxy */ = {
			isa = PBXContainerItemProxy;
			containerPortal = 608BB7A0260F9C00003DF558 /* Project object */;
			proxyType = 1;
			remoteGlobalIDString = 608BB7A7260F9C01003DF558;
			remoteInfo = RecipeApp;
		};
/* End PBXContainerItemProxy section */

/* Begin PBXFileReference section */
		6045639C260FA7CE00B3A203 /* Assets.swift */ = {isa = PBXFileReference; fileEncoding = 4; lastKnownFileType = sourcecode.swift; path = Assets.swift; sourceTree = "<group>"; };
		604563B1260FB05100B3A203 /* ParameterEncoding.swift */ = {isa = PBXFileReference; lastKnownFileType = sourcecode.swift; path = ParameterEncoding.swift; sourceTree = "<group>"; };
		604563B9260FB07000B3A203 /* JSONParameterEncoding.swift */ = {isa = PBXFileReference; lastKnownFileType = sourcecode.swift; path = JSONParameterEncoding.swift; sourceTree = "<group>"; };
		604563BE260FB08C00B3A203 /* URLParameterEncoding.swift */ = {isa = PBXFileReference; lastKnownFileType = sourcecode.swift; path = URLParameterEncoding.swift; sourceTree = "<group>"; };
		604563C3260FB0FB00B3A203 /* EndPointType.swift */ = {isa = PBXFileReference; lastKnownFileType = sourcecode.swift; path = EndPointType.swift; sourceTree = "<group>"; };
		604563C8260FB10C00B3A203 /* HTTPMethod.swift */ = {isa = PBXFileReference; lastKnownFileType = sourcecode.swift; path = HTTPMethod.swift; sourceTree = "<group>"; };
		604563CD260FB12200B3A203 /* HttpTask.swift */ = {isa = PBXFileReference; lastKnownFileType = sourcecode.swift; path = HttpTask.swift; sourceTree = "<group>"; };
		604563D2260FB13900B3A203 /* NetworkRouterProtocol.swift */ = {isa = PBXFileReference; lastKnownFileType = sourcecode.swift; path = NetworkRouterProtocol.swift; sourceTree = "<group>"; };
		604563D7260FB1E200B3A203 /* URLSessionProtocol.swift */ = {isa = PBXFileReference; lastKnownFileType = sourcecode.swift; path = URLSessionProtocol.swift; sourceTree = "<group>"; };
		604563E1260FB2D700B3A203 /* Router.swift */ = {isa = PBXFileReference; lastKnownFileType = sourcecode.swift; path = Router.swift; sourceTree = "<group>"; };
		604563E6260FB44400B3A203 /* NetworkManager.swift */ = {isa = PBXFileReference; lastKnownFileType = sourcecode.swift; path = NetworkManager.swift; sourceTree = "<group>"; };
		604563EB260FB4E200B3A203 /* NetworkError.swift */ = {isa = PBXFileReference; lastKnownFileType = sourcecode.swift; path = NetworkError.swift; sourceTree = "<group>"; };
		604563F1260FC1E100B3A203 /* Environment.swift */ = {isa = PBXFileReference; lastKnownFileType = sourcecode.swift; path = Environment.swift; sourceTree = "<group>"; };
		604563F9260FC32100B3A203 /* RecipeEndPoint.swift */ = {isa = PBXFileReference; lastKnownFileType = sourcecode.swift; path = RecipeEndPoint.swift; sourceTree = "<group>"; };
		604563FF260FC80C00B3A203 /* Coordinator.swift */ = {isa = PBXFileReference; lastKnownFileType = sourcecode.swift; path = Coordinator.swift; sourceTree = "<group>"; };
		60456409260FC94000B3A203 /* AppTab.swift */ = {isa = PBXFileReference; lastKnownFileType = sourcecode.swift; path = AppTab.swift; sourceTree = "<group>"; };
		60456411260FC9DC00B3A203 /* MainTabBarController.swift */ = {isa = PBXFileReference; lastKnownFileType = sourcecode.swift; path = MainTabBarController.swift; sourceTree = "<group>"; };
		60456416260FCA1B00B3A203 /* ColorPalette.xcassets */ = {isa = PBXFileReference; lastKnownFileType = folder.assetcatalog; path = ColorPalette.xcassets; sourceTree = "<group>"; };
		60456426260FCAD700B3A203 /* TabBarCoordinator.swift */ = {isa = PBXFileReference; lastKnownFileType = sourcecode.swift; path = TabBarCoordinator.swift; sourceTree = "<group>"; };
		6045642C260FCC1800B3A203 /* BaseViewController.swift */ = {isa = PBXFileReference; lastKnownFileType = sourcecode.swift; path = BaseViewController.swift; sourceTree = "<group>"; };
		60456434260FCCB900B3A203 /* BaseVeiwModel.swift */ = {isa = PBXFileReference; lastKnownFileType = sourcecode.swift; path = BaseVeiwModel.swift; sourceTree = "<group>"; };
		6045643B260FCD1C00B3A203 /* BehaviorSubject.swift */ = {isa = PBXFileReference; fileEncoding = 4; lastKnownFileType = sourcecode.swift; path = BehaviorSubject.swift; sourceTree = "<group>"; };
		6045643C260FCD1C00B3A203 /* ObservationToken.swift */ = {isa = PBXFileReference; fileEncoding = 4; lastKnownFileType = sourcecode.swift; path = ObservationToken.swift; sourceTree = "<group>"; };
		6045643D260FCD1C00B3A203 /* PublishSubject.swift */ = {isa = PBXFileReference; fileEncoding = 4; lastKnownFileType = sourcecode.swift; path = PublishSubject.swift; sourceTree = "<group>"; };
		6045643E260FCD1C00B3A203 /* Observer.swift */ = {isa = PBXFileReference; fileEncoding = 4; lastKnownFileType = sourcecode.swift; path = Observer.swift; sourceTree = "<group>"; };
		6045643F260FCD1C00B3A203 /* Variable.swift */ = {isa = PBXFileReference; fileEncoding = 4; lastKnownFileType = sourcecode.swift; path = Variable.swift; sourceTree = "<group>"; };
		60456440260FCD1C00B3A203 /* Observable.swift */ = {isa = PBXFileReference; fileEncoding = 4; lastKnownFileType = sourcecode.swift; path = Observable.swift; sourceTree = "<group>"; };
		6045644A260FCD2900B3A203 /* State.swift */ = {isa = PBXFileReference; lastKnownFileType = sourcecode.swift; path = State.swift; sourceTree = "<group>"; };
		60456450260FCD7200B3A203 /* UIViewController.swift+Loadding+Alert.swift */ = {isa = PBXFileReference; lastKnownFileType = sourcecode.swift; path = "UIViewController.swift+Loadding+Alert.swift"; sourceTree = "<group>"; };
		6045647C260FD3BE00B3A203 /* TabBarItem + ImageOnly.swift */ = {isa = PBXFileReference; lastKnownFileType = sourcecode.swift; path = "TabBarItem + ImageOnly.swift"; sourceTree = "<group>"; };
		60456482260FD43100B3A203 /* RecipeListCoordinator.swift */ = {isa = PBXFileReference; lastKnownFileType = sourcecode.swift; path = RecipeListCoordinator.swift; sourceTree = "<group>"; };
		60456488260FD4AB00B3A203 /* RecipeListViewController.swift */ = {isa = PBXFileReference; lastKnownFileType = sourcecode.swift; path = RecipeListViewController.swift; sourceTree = "<group>"; };
		60456489260FD4AB00B3A203 /* RecipeListViewController.xib */ = {isa = PBXFileReference; lastKnownFileType = file.xib; path = RecipeListViewController.xib; sourceTree = "<group>"; };
		60456493260FD6EF00B3A203 /* FavoriteViewController.swift */ = {isa = PBXFileReference; lastKnownFileType = sourcecode.swift; path = FavoriteViewController.swift; sourceTree = "<group>"; };
		60456494260FD6EF00B3A203 /* FavoriteViewController.xib */ = {isa = PBXFileReference; lastKnownFileType = file.xib; path = FavoriteViewController.xib; sourceTree = "<group>"; };
		6045649F260FD71900B3A203 /* FavoriteCoordinator.swift */ = {isa = PBXFileReference; lastKnownFileType = sourcecode.swift; path = FavoriteCoordinator.swift; sourceTree = "<group>"; };
		604564A7260FD80000B3A203 /* ApplicationCoordinator.swift */ = {isa = PBXFileReference; lastKnownFileType = sourcecode.swift; path = ApplicationCoordinator.swift; sourceTree = "<group>"; };
		604564B0260FDA4F00B3A203 /* LoginViewController.swift */ = {isa = PBXFileReference; lastKnownFileType = sourcecode.swift; path = LoginViewController.swift; sourceTree = "<group>"; };
		604564B1260FDA4F00B3A203 /* LoginViewController.xib */ = {isa = PBXFileReference; lastKnownFileType = file.xib; path = LoginViewController.xib; sourceTree = "<group>"; };
		604564C8260FE6EA00B3A203 /* UserDefaults.swift */ = {isa = PBXFileReference; lastKnownFileType = sourcecode.swift; path = UserDefaults.swift; sourceTree = "<group>"; };
		604564D0260FE77500B3A203 /* UserDefaultsKeys.swift */ = {isa = PBXFileReference; lastKnownFileType = sourcecode.swift; path = UserDefaultsKeys.swift; sourceTree = "<group>"; };
		604564D9260FE8B200B3A203 /* UserDefaults+Services.swift */ = {isa = PBXFileReference; lastKnownFileType = sourcecode.swift; path = "UserDefaults+Services.swift"; sourceTree = "<group>"; };
		604564DE260FEB1C00B3A203 /* AuthCoordinator.swift */ = {isa = PBXFileReference; lastKnownFileType = sourcecode.swift; path = AuthCoordinator.swift; sourceTree = "<group>"; };
		608BB7A8260F9C01003DF558 /* RecipeApp.app */ = {isa = PBXFileReference; explicitFileType = wrapper.application; includeInIndex = 0; path = RecipeApp.app; sourceTree = BUILT_PRODUCTS_DIR; };
		608BB7AB260F9C01003DF558 /* AppDelegate.swift */ = {isa = PBXFileReference; lastKnownFileType = sourcecode.swift; path = AppDelegate.swift; sourceTree = "<group>"; };
		608BB7AD260F9C01003DF558 /* SceneDelegate.swift */ = {isa = PBXFileReference; lastKnownFileType = sourcecode.swift; path = SceneDelegate.swift; sourceTree = "<group>"; };
		608BB7B4260F9C02003DF558 /* Assets.xcassets */ = {isa = PBXFileReference; lastKnownFileType = folder.assetcatalog; path = Assets.xcassets; sourceTree = "<group>"; };
		608BB7B7260F9C02003DF558 /* Base */ = {isa = PBXFileReference; lastKnownFileType = file.storyboard; name = Base; path = Base.lproj/LaunchScreen.storyboard; sourceTree = "<group>"; };
		608BB7B9260F9C02003DF558 /* Info.plist */ = {isa = PBXFileReference; lastKnownFileType = text.plist.xml; path = Info.plist; sourceTree = "<group>"; };
		608BB7BE260F9C02003DF558 /* RecipeAppTests.xctest */ = {isa = PBXFileReference; explicitFileType = wrapper.cfbundle; includeInIndex = 0; path = RecipeAppTests.xctest; sourceTree = BUILT_PRODUCTS_DIR; };
		608BB7C4260F9C02003DF558 /* Info.plist */ = {isa = PBXFileReference; lastKnownFileType = text.plist.xml; path = Info.plist; sourceTree = "<group>"; };
		608BB7C9260F9C02003DF558 /* RecipeAppUITests.xctest */ = {isa = PBXFileReference; explicitFileType = wrapper.cfbundle; includeInIndex = 0; path = RecipeAppUITests.xctest; sourceTree = BUILT_PRODUCTS_DIR; };
		608BB7CF260F9C02003DF558 /* Info.plist */ = {isa = PBXFileReference; lastKnownFileType = text.plist.xml; path = Info.plist; sourceTree = "<group>"; };
		60F9F4A42610B1C400ACFB7F /* UIView + Helpers.swift */ = {isa = PBXFileReference; lastKnownFileType = sourcecode.swift; path = "UIView + Helpers.swift"; sourceTree = "<group>"; };
		60F9F4B02610BDFE00ACFB7F /* LoginViewModel.swift */ = {isa = PBXFileReference; lastKnownFileType = sourcecode.swift; path = LoginViewModel.swift; sourceTree = "<group>"; };
		60F9F4CE2610CFD400ACFB7F /* User.swift */ = {isa = PBXFileReference; lastKnownFileType = sourcecode.swift; path = User.swift; sourceTree = "<group>"; };
		60F9F4D62610D10B00ACFB7F /* LoginUseCase.swift */ = {isa = PBXFileReference; lastKnownFileType = sourcecode.swift; path = LoginUseCase.swift; sourceTree = "<group>"; };
		60F9F5072610DEDB00ACFB7F /* ValidatorFactory.swift */ = {isa = PBXFileReference; lastKnownFileType = sourcecode.swift; path = ValidatorFactory.swift; sourceTree = "<group>"; };
		60F9F5182610E48900ACFB7F /* RecipeTextField.swift */ = {isa = PBXFileReference; lastKnownFileType = sourcecode.swift; path = RecipeTextField.swift; sourceTree = "<group>"; };
		60F9F5232610FBE800ACFB7F /* RecipeMainModel.swift */ = {isa = PBXFileReference; lastKnownFileType = sourcecode.swift; path = RecipeMainModel.swift; sourceTree = "<group>"; };
		60F9F52B2610FD5400ACFB7F /* RecipeUseCase.swift */ = {isa = PBXFileReference; lastKnownFileType = sourcecode.swift; path = RecipeUseCase.swift; sourceTree = "<group>"; };
		60F9F537261103D000ACFB7F /* RecipeListViewModel.swift */ = {isa = PBXFileReference; lastKnownFileType = sourcecode.swift; path = RecipeListViewModel.swift; sourceTree = "<group>"; };
		60F9F54B261118E400ACFB7F /* ImageRepresentable.swift */ = {isa = PBXFileReference; lastKnownFileType = sourcecode.swift; path = ImageRepresentable.swift; sourceTree = "<group>"; };
		60F9F5532611192200ACFB7F /* UIImage+LoadImage.swift */ = {isa = PBXFileReference; lastKnownFileType = sourcecode.swift; path = "UIImage+LoadImage.swift"; sourceTree = "<group>"; };
		60F9F55926111C9600ACFB7F /* RecipeCell.swift */ = {isa = PBXFileReference; lastKnownFileType = sourcecode.swift; path = RecipeCell.swift; sourceTree = "<group>"; };
		60F9F55A26111C9600ACFB7F /* RecipeCell.xib */ = {isa = PBXFileReference; lastKnownFileType = file.xib; path = RecipeCell.xib; sourceTree = "<group>"; };
		60F9F56326111CB200ACFB7F /* RecipeCellRepresentable.swift */ = {isa = PBXFileReference; lastKnownFileType = sourcecode.swift; path = RecipeCellRepresentable.swift; sourceTree = "<group>"; };
		60F9F56E261123E300ACFB7F /* Recipe+Representable.swift */ = {isa = PBXFileReference; lastKnownFileType = sourcecode.swift; path = "Recipe+Representable.swift"; sourceTree = "<group>"; };
		60F9F5732611281D00ACFB7F /* TableView+Helpers.swift */ = {isa = PBXFileReference; lastKnownFileType = sourcecode.swift; path = "TableView+Helpers.swift"; sourceTree = "<group>"; };
		60F9F5782611284900ACFB7F /* NSObject+Helpers.swift */ = {isa = PBXFileReference; lastKnownFileType = sourcecode.swift; path = "NSObject+Helpers.swift"; sourceTree = "<group>"; };
		60F9F587261137C300ACFB7F /* RecipeDetailsViewController.swift */ = {isa = PBXFileReference; lastKnownFileType = sourcecode.swift; path = RecipeDetailsViewController.swift; sourceTree = "<group>"; };
		60F9F588261137C300ACFB7F /* RecipeDetailsViewController.xib */ = {isa = PBXFileReference; lastKnownFileType = file.xib; path = RecipeDetailsViewController.xib; sourceTree = "<group>"; };
/* End PBXFileReference section */

/* Begin PBXFrameworksBuildPhase section */
		608BB7A5260F9C01003DF558 /* Frameworks */ = {
			isa = PBXFrameworksBuildPhase;
			buildActionMask = 2147483647;
			files = (
				60F9F543261118CE00ACFB7F /* Kingfisher in Frameworks */,
			);
			runOnlyForDeploymentPostprocessing = 0;
		};
		608BB7BB260F9C02003DF558 /* Frameworks */ = {
			isa = PBXFrameworksBuildPhase;
			buildActionMask = 2147483647;
			files = (
			);
			runOnlyForDeploymentPostprocessing = 0;
		};
		608BB7C6260F9C02003DF558 /* Frameworks */ = {
			isa = PBXFrameworksBuildPhase;
			buildActionMask = 2147483647;
			files = (
			);
			runOnlyForDeploymentPostprocessing = 0;
		};
/* End PBXFrameworksBuildPhase section */

/* Begin PBXGroup section */
		60456398260FA76A00B3A203 /* Generated */ = {
			isa = PBXGroup;
			children = (
				6045639C260FA7CE00B3A203 /* Assets.swift */,
			);
			path = Generated;
			sourceTree = "<group>";
		};
		604563A1260FA7DF00B3A203 /* ViewRelated */ = {
			isa = PBXGroup;
			children = (
				60F9F547261118D500ACFB7F /* Protocols */,
				6045642B260FCBE100B3A203 /* BaseClasses */,
				60456408260FC86900B3A203 /* MainTabBar */,
				604564AF260FDA3300B3A203 /* LoginScene */,
				604563A2260FA7F700B3A203 /* RecipesListScene */,
				60F9F5832611377B00ACFB7F /* RecipeDetailsScene */,
				60456492260FD59A00B3A203 /* FavoriteScene */,
			);
			path = ViewRelated;
			sourceTree = "<group>";
		};
		604563A2260FA7F700B3A203 /* RecipesListScene */ = {
			isa = PBXGroup;
			children = (
				60456481260FD40F00B3A203 /* Coordinator */,
				60456487260FD49600B3A203 /* View */,
				60F9F536261103B600ACFB7F /* ViewModel */,
			);
			path = RecipesListScene;
			sourceTree = "<group>";
		};
		604563A6260FACEA00B3A203 /* Networking */ = {
			isa = PBXGroup;
			children = (
				604563F0260FC19600B3A203 /* EndPint */,
				604563AD260FB01000B3A203 /* Protocol */,
				604563B0260FB02C00B3A203 /* Manager */,
				604563AF260FB02400B3A203 /* Service */,
				604563AE260FB01D00B3A203 /* Encoding */,
			);
			path = Networking;
			sourceTree = "<group>";
		};
		604563AD260FB01000B3A203 /* Protocol */ = {
			isa = PBXGroup;
			children = (
				604563D7260FB1E200B3A203 /* URLSessionProtocol.swift */,
			);
			path = Protocol;
			sourceTree = "<group>";
		};
		604563AE260FB01D00B3A203 /* Encoding */ = {
			isa = PBXGroup;
			children = (
				604563B1260FB05100B3A203 /* ParameterEncoding.swift */,
				604563B9260FB07000B3A203 /* JSONParameterEncoding.swift */,
				604563BE260FB08C00B3A203 /* URLParameterEncoding.swift */,
			);
			path = Encoding;
			sourceTree = "<group>";
		};
		604563AF260FB02400B3A203 /* Service */ = {
			isa = PBXGroup;
			children = (
				604563C3260FB0FB00B3A203 /* EndPointType.swift */,
				604563C8260FB10C00B3A203 /* HTTPMethod.swift */,
				604563CD260FB12200B3A203 /* HttpTask.swift */,
				604563D2260FB13900B3A203 /* NetworkRouterProtocol.swift */,
				604563E1260FB2D700B3A203 /* Router.swift */,
			);
			path = Service;
			sourceTree = "<group>";
		};
		604563B0260FB02C00B3A203 /* Manager */ = {
			isa = PBXGroup;
			children = (
				604563E6260FB44400B3A203 /* NetworkManager.swift */,
				604563EB260FB4E200B3A203 /* NetworkError.swift */,
			);
			path = Manager;
			sourceTree = "<group>";
		};
		604563F0260FC19600B3A203 /* EndPint */ = {
			isa = PBXGroup;
			children = (
				604563F9260FC32100B3A203 /* RecipeEndPoint.swift */,
				604563F1260FC1E100B3A203 /* Environment.swift */,
			);
			path = EndPint;
			sourceTree = "<group>";
		};
		604563FE260FC7F800B3A203 /* Utils */ = {
			isa = PBXGroup;
			children = (
				60F9F5172610E47100ACFB7F /* UIKit */,
				60F9F5062610DEBB00ACFB7F /* Validators */,
				6045644F260FCD5600B3A203 /* Extensions */,
				6045643A260FCD0000B3A203 /* Coordinator */,
				60456439260FCCF000B3A203 /* Observers */,
				6045644A260FCD2900B3A203 /* State.swift */,
			);
			path = Utils;
			sourceTree = "<group>";
		};
		60456408260FC86900B3A203 /* MainTabBar */ = {
			isa = PBXGroup;
			children = (
				60456409260FC94000B3A203 /* AppTab.swift */,
				60456411260FC9DC00B3A203 /* MainTabBarController.swift */,
				60456426260FCAD700B3A203 /* TabBarCoordinator.swift */,
			);
			path = MainTabBar;
			sourceTree = "<group>";
		};
		6045642B260FCBE100B3A203 /* BaseClasses */ = {
			isa = PBXGroup;
			children = (
				6045642C260FCC1800B3A203 /* BaseViewController.swift */,
				60456434260FCCB900B3A203 /* BaseVeiwModel.swift */,
			);
			path = BaseClasses;
			sourceTree = "<group>";
		};
		60456439260FCCF000B3A203 /* Observers */ = {
			isa = PBXGroup;
			children = (
				6045643B260FCD1C00B3A203 /* BehaviorSubject.swift */,
				60456440260FCD1C00B3A203 /* Observable.swift */,
				6045643C260FCD1C00B3A203 /* ObservationToken.swift */,
				6045643E260FCD1C00B3A203 /* Observer.swift */,
				6045643D260FCD1C00B3A203 /* PublishSubject.swift */,
				6045643F260FCD1C00B3A203 /* Variable.swift */,
			);
			path = Observers;
			sourceTree = "<group>";
		};
		6045643A260FCD0000B3A203 /* Coordinator */ = {
			isa = PBXGroup;
			children = (
				604563FF260FC80C00B3A203 /* Coordinator.swift */,
			);
			path = Coordinator;
			sourceTree = "<group>";
		};
		6045644F260FCD5600B3A203 /* Extensions */ = {
			isa = PBXGroup;
			children = (
				60456450260FCD7200B3A203 /* UIViewController.swift+Loadding+Alert.swift */,
				6045647C260FD3BE00B3A203 /* TabBarItem + ImageOnly.swift */,
				60F9F4A42610B1C400ACFB7F /* UIView + Helpers.swift */,
				60F9F5532611192200ACFB7F /* UIImage+LoadImage.swift */,
				60F9F5732611281D00ACFB7F /* TableView+Helpers.swift */,
				60F9F5782611284900ACFB7F /* NSObject+Helpers.swift */,
			);
			path = Extensions;
			sourceTree = "<group>";
		};
		60456481260FD40F00B3A203 /* Coordinator */ = {
			isa = PBXGroup;
			children = (
				60456482260FD43100B3A203 /* RecipeListCoordinator.swift */,
			);
			path = Coordinator;
			sourceTree = "<group>";
		};
		60456487260FD49600B3A203 /* View */ = {
			isa = PBXGroup;
			children = (
				60F9F55826111C3600ACFB7F /* Cells */,
				60456488260FD4AB00B3A203 /* RecipeListViewController.swift */,
				60456489260FD4AB00B3A203 /* RecipeListViewController.xib */,
			);
			path = View;
			sourceTree = "<group>";
		};
		60456492260FD59A00B3A203 /* FavoriteScene */ = {
			isa = PBXGroup;
			children = (
				6045649E260FD70200B3A203 /* Coordinator */,
				6045649D260FD6FB00B3A203 /* View */,
			);
			path = FavoriteScene;
			sourceTree = "<group>";
		};
		6045649D260FD6FB00B3A203 /* View */ = {
			isa = PBXGroup;
			children = (
				60456493260FD6EF00B3A203 /* FavoriteViewController.swift */,
				60456494260FD6EF00B3A203 /* FavoriteViewController.xib */,
			);
			path = View;
			sourceTree = "<group>";
		};
		6045649E260FD70200B3A203 /* Coordinator */ = {
			isa = PBXGroup;
			children = (
				6045649F260FD71900B3A203 /* FavoriteCoordinator.swift */,
			);
			path = Coordinator;
			sourceTree = "<group>";
		};
		604564AF260FDA3300B3A203 /* LoginScene */ = {
			isa = PBXGroup;
			children = (
				604564BB260FDA5900B3A203 /* Coordinator */,
				604564BA260FDA5400B3A203 /* View */,
				60F9F4AF2610BD8500ACFB7F /* ViewModel */,
			);
			path = LoginScene;
			sourceTree = "<group>";
		};
		604564BA260FDA5400B3A203 /* View */ = {
			isa = PBXGroup;
			children = (
				604564B0260FDA4F00B3A203 /* LoginViewController.swift */,
				604564B1260FDA4F00B3A203 /* LoginViewController.xib */,
			);
			path = View;
			sourceTree = "<group>";
		};
		604564BB260FDA5900B3A203 /* Coordinator */ = {
			isa = PBXGroup;
			children = (
				604564DE260FEB1C00B3A203 /* AuthCoordinator.swift */,
			);
			path = Coordinator;
			sourceTree = "<group>";
		};
		604564C7260FE6C000B3A203 /* Storage */ = {
			isa = PBXGroup;
			children = (
				604564D5260FE78000B3A203 /* UserDefaults */,
			);
			path = Storage;
			sourceTree = "<group>";
		};
		604564D5260FE78000B3A203 /* UserDefaults */ = {
			isa = PBXGroup;
			children = (
				604564C8260FE6EA00B3A203 /* UserDefaults.swift */,
				604564D0260FE77500B3A203 /* UserDefaultsKeys.swift */,
				604564D9260FE8B200B3A203 /* UserDefaults+Services.swift */,
			);
			path = UserDefaults;
			sourceTree = "<group>";
		};
		608BB79F260F9C00003DF558 = {
			isa = PBXGroup;
			children = (
				608BB7AA260F9C01003DF558 /* RecipeApp */,
				608BB7C1260F9C02003DF558 /* RecipeAppTests */,
				608BB7CC260F9C02003DF558 /* RecipeAppUITests */,
				608BB7A9260F9C01003DF558 /* Products */,
			);
			sourceTree = "<group>";
		};
		608BB7A9260F9C01003DF558 /* Products */ = {
			isa = PBXGroup;
			children = (
				608BB7A8260F9C01003DF558 /* RecipeApp.app */,
				608BB7BE260F9C02003DF558 /* RecipeAppTests.xctest */,
				608BB7C9260F9C02003DF558 /* RecipeAppUITests.xctest */,
			);
			name = Products;
			sourceTree = "<group>";
		};
		608BB7AA260F9C01003DF558 /* RecipeApp */ = {
			isa = PBXGroup;
			children = (
				60F9F4BE2610CA7500ACFB7F /* Application */,
				608BB7FF260FA3DC003DF558 /* Presentation */,
				60F9F4CB2610CF6800ACFB7F /* Domain */,
				604563A6260FACEA00B3A203 /* Networking */,
				604564C7260FE6C000B3A203 /* Storage */,
				608BB7FE260FA3B7003DF558 /* Resources */,
			);
			path = RecipeApp;
			sourceTree = "<group>";
		};
		608BB7C1260F9C02003DF558 /* RecipeAppTests */ = {
			isa = PBXGroup;
			children = (
				608BB7C4260F9C02003DF558 /* Info.plist */,
			);
			path = RecipeAppTests;
			sourceTree = "<group>";
		};
		608BB7CC260F9C02003DF558 /* RecipeAppUITests */ = {
			isa = PBXGroup;
			children = (
				608BB7CF260F9C02003DF558 /* Info.plist */,
			);
			path = RecipeAppUITests;
			sourceTree = "<group>";
		};
		608BB7FE260FA3B7003DF558 /* Resources */ = {
			isa = PBXGroup;
			children = (
				608BB7B9260F9C02003DF558 /* Info.plist */,
				608BB7B4260F9C02003DF558 /* Assets.xcassets */,
				60456416260FCA1B00B3A203 /* ColorPalette.xcassets */,
				60456398260FA76A00B3A203 /* Generated */,
				608BB7B6260F9C02003DF558 /* LaunchScreen.storyboard */,
			);
			path = Resources;
			sourceTree = "<group>";
		};
		608BB7FF260FA3DC003DF558 /* Presentation */ = {
			isa = PBXGroup;
			children = (
				604563FE260FC7F800B3A203 /* Utils */,
				604563A1260FA7DF00B3A203 /* ViewRelated */,
			);
			path = Presentation;
			sourceTree = "<group>";
		};
		60F9F4AF2610BD8500ACFB7F /* ViewModel */ = {
			isa = PBXGroup;
			children = (
				60F9F4B02610BDFE00ACFB7F /* LoginViewModel.swift */,
			);
			path = ViewModel;
			sourceTree = "<group>";
		};
		60F9F4BE2610CA7500ACFB7F /* Application */ = {
			isa = PBXGroup;
			children = (
				608BB7AB260F9C01003DF558 /* AppDelegate.swift */,
				608BB7AD260F9C01003DF558 /* SceneDelegate.swift */,
				604564A7260FD80000B3A203 /* ApplicationCoordinator.swift */,
			);
			path = Application;
			sourceTree = "<group>";
		};
		60F9F4CB2610CF6800ACFB7F /* Domain */ = {
			isa = PBXGroup;
			children = (
				60F9F4CD2610CF7B00ACFB7F /* UseCases */,
				60F9F4CC2610CF7000ACFB7F /* Entities */,
			);
			path = Domain;
			sourceTree = "<group>";
		};
		60F9F4CC2610CF7000ACFB7F /* Entities */ = {
			isa = PBXGroup;
			children = (
				60F9F4CE2610CFD400ACFB7F /* User.swift */,
				60F9F5232610FBE800ACFB7F /* RecipeMainModel.swift */,
			);
			path = Entities;
			sourceTree = "<group>";
		};
		60F9F4CD2610CF7B00ACFB7F /* UseCases */ = {
			isa = PBXGroup;
			children = (
				60F9F4D62610D10B00ACFB7F /* LoginUseCase.swift */,
				60F9F52B2610FD5400ACFB7F /* RecipeUseCase.swift */,
			);
			path = UseCases;
			sourceTree = "<group>";
		};
		60F9F5062610DEBB00ACFB7F /* Validators */ = {
			isa = PBXGroup;
			children = (
				60F9F5072610DEDB00ACFB7F /* ValidatorFactory.swift */,
			);
			path = Validators;
			sourceTree = "<group>";
		};
		60F9F5172610E47100ACFB7F /* UIKit */ = {
			isa = PBXGroup;
			children = (
				60F9F5182610E48900ACFB7F /* RecipeTextField.swift */,
			);
			path = UIKit;
			sourceTree = "<group>";
		};
		60F9F536261103B600ACFB7F /* ViewModel */ = {
			isa = PBXGroup;
			children = (
				60F9F537261103D000ACFB7F /* RecipeListViewModel.swift */,
			);
			path = ViewModel;
			sourceTree = "<group>";
		};
		60F9F547261118D500ACFB7F /* Protocols */ = {
			isa = PBXGroup;
			children = (
				60F9F54B261118E400ACFB7F /* ImageRepresentable.swift */,
			);
			path = Protocols;
			sourceTree = "<group>";
		};
		60F9F55826111C3600ACFB7F /* Cells */ = {
			isa = PBXGroup;
			children = (
				60F9F55926111C9600ACFB7F /* RecipeCell.swift */,
				60F9F55A26111C9600ACFB7F /* RecipeCell.xib */,
				60F9F56326111CB200ACFB7F /* RecipeCellRepresentable.swift */,
				60F9F56E261123E300ACFB7F /* Recipe+Representable.swift */,
			);
			path = Cells;
			sourceTree = "<group>";
		};
		60F9F5832611377B00ACFB7F /* RecipeDetailsScene */ = {
			isa = PBXGroup;
			children = (
				60F9F5852611379100ACFB7F /* View */,
				60F9F5842611378A00ACFB7F /* ViewModel */,
			);
			path = RecipeDetailsScene;
			sourceTree = "<group>";
		};
		60F9F5842611378A00ACFB7F /* ViewModel */ = {
			isa = PBXGroup;
			children = (
			);
			path = ViewModel;
			sourceTree = "<group>";
		};
		60F9F5852611379100ACFB7F /* View */ = {
			isa = PBXGroup;
			children = (
				60F9F587261137C300ACFB7F /* RecipeDetailsViewController.swift */,
				60F9F588261137C300ACFB7F /* RecipeDetailsViewController.xib */,
			);
			path = View;
			sourceTree = "<group>";
		};
/* End PBXGroup section */

/* Begin PBXNativeTarget section */
		608BB7A7260F9C01003DF558 /* RecipeApp */ = {
			isa = PBXNativeTarget;
			buildConfigurationList = 608BB7D2260F9C02003DF558 /* Build configuration list for PBXNativeTarget "RecipeApp" */;
			buildPhases = (
				608BB7ED260FA249003DF558 /* SwiftGen */,
				608BB7E1260FA08B003DF558 /* SwiftLint */,
				608BB7A4260F9C01003DF558 /* Sources */,
				608BB7A5260F9C01003DF558 /* Frameworks */,
				608BB7A6260F9C01003DF558 /* Resources */,
			);
			buildRules = (
			);
			dependencies = (
			);
			name = RecipeApp;
			packageProductDependencies = (
				60F9F542261118CE00ACFB7F /* Kingfisher */,
			);
			productName = RecipeApp;
			productReference = 608BB7A8260F9C01003DF558 /* RecipeApp.app */;
			productType = "com.apple.product-type.application";
		};
		608BB7BD260F9C02003DF558 /* RecipeAppTests */ = {
			isa = PBXNativeTarget;
			buildConfigurationList = 608BB7D5260F9C02003DF558 /* Build configuration list for PBXNativeTarget "RecipeAppTests" */;
			buildPhases = (
				608BB7BA260F9C02003DF558 /* Sources */,
				608BB7BB260F9C02003DF558 /* Frameworks */,
				608BB7BC260F9C02003DF558 /* Resources */,
			);
			buildRules = (
			);
			dependencies = (
				608BB7C0260F9C02003DF558 /* PBXTargetDependency */,
			);
			name = RecipeAppTests;
			productName = RecipeAppTests;
			productReference = 608BB7BE260F9C02003DF558 /* RecipeAppTests.xctest */;
			productType = "com.apple.product-type.bundle.unit-test";
		};
		608BB7C8260F9C02003DF558 /* RecipeAppUITests */ = {
			isa = PBXNativeTarget;
			buildConfigurationList = 608BB7D8260F9C02003DF558 /* Build configuration list for PBXNativeTarget "RecipeAppUITests" */;
			buildPhases = (
				608BB7C5260F9C02003DF558 /* Sources */,
				608BB7C6260F9C02003DF558 /* Frameworks */,
				608BB7C7260F9C02003DF558 /* Resources */,
			);
			buildRules = (
			);
			dependencies = (
				608BB7CB260F9C02003DF558 /* PBXTargetDependency */,
			);
			name = RecipeAppUITests;
			productName = RecipeAppUITests;
			productReference = 608BB7C9260F9C02003DF558 /* RecipeAppUITests.xctest */;
			productType = "com.apple.product-type.bundle.ui-testing";
		};
/* End PBXNativeTarget section */

/* Begin PBXProject section */
		608BB7A0260F9C00003DF558 /* Project object */ = {
			isa = PBXProject;
			attributes = {
				LastSwiftUpdateCheck = 1230;
				LastUpgradeCheck = 1230;
				TargetAttributes = {
					608BB7A7260F9C01003DF558 = {
						CreatedOnToolsVersion = 12.3;
					};
					608BB7BD260F9C02003DF558 = {
						CreatedOnToolsVersion = 12.3;
						TestTargetID = 608BB7A7260F9C01003DF558;
					};
					608BB7C8260F9C02003DF558 = {
						CreatedOnToolsVersion = 12.3;
						TestTargetID = 608BB7A7260F9C01003DF558;
					};
				};
			};
			buildConfigurationList = 608BB7A3260F9C00003DF558 /* Build configuration list for PBXProject "RecipeApp" */;
			compatibilityVersion = "Xcode 9.3";
			developmentRegion = en;
			hasScannedForEncodings = 0;
			knownRegions = (
				en,
				Base,
			);
			mainGroup = 608BB79F260F9C00003DF558;
			packageReferences = (
				60F9F541261118CE00ACFB7F /* XCRemoteSwiftPackageReference "Kingfisher" */,
			);
			productRefGroup = 608BB7A9260F9C01003DF558 /* Products */;
			projectDirPath = "";
			projectRoot = "";
			targets = (
				608BB7A7260F9C01003DF558 /* RecipeApp */,
				608BB7BD260F9C02003DF558 /* RecipeAppTests */,
				608BB7C8260F9C02003DF558 /* RecipeAppUITests */,
			);
		};
/* End PBXProject section */

/* Begin PBXResourcesBuildPhase section */
		608BB7A6260F9C01003DF558 /* Resources */ = {
			isa = PBXResourcesBuildPhase;
			buildActionMask = 2147483647;
			files = (
				6045648B260FD4AB00B3A203 /* RecipeListViewController.xib in Resources */,
				608BB7B8260F9C02003DF558 /* LaunchScreen.storyboard in Resources */,
				604564B3260FDA4F00B3A203 /* LoginViewController.xib in Resources */,
				60456417260FCA1B00B3A203 /* ColorPalette.xcassets in Resources */,
				60456496260FD6EF00B3A203 /* FavoriteViewController.xib in Resources */,
				60F9F58A261137C300ACFB7F /* RecipeDetailsViewController.xib in Resources */,
				608BB7B5260F9C02003DF558 /* Assets.xcassets in Resources */,
				60F9F55C26111C9600ACFB7F /* RecipeCell.xib in Resources */,
			);
			runOnlyForDeploymentPostprocessing = 0;
		};
		608BB7BC260F9C02003DF558 /* Resources */ = {
			isa = PBXResourcesBuildPhase;
			buildActionMask = 2147483647;
			files = (
			);
			runOnlyForDeploymentPostprocessing = 0;
		};
		608BB7C7260F9C02003DF558 /* Resources */ = {
			isa = PBXResourcesBuildPhase;
			buildActionMask = 2147483647;
			files = (
			);
			runOnlyForDeploymentPostprocessing = 0;
		};
/* End PBXResourcesBuildPhase section */

/* Begin PBXShellScriptBuildPhase section */
		608BB7E1260FA08B003DF558 /* SwiftLint */ = {
			isa = PBXShellScriptBuildPhase;
			buildActionMask = 2147483647;
			files = (
			);
			inputFileListPaths = (
			);
			inputPaths = (
			);
			name = SwiftLint;
			outputFileListPaths = (
			);
			outputPaths = (
			);
			runOnlyForDeploymentPostprocessing = 0;
			shellPath = /bin/sh;
			shellScript = "# Type a script or drag a script file from your workspace to insert its path.\n# Type a script or drag a script file from your workspace to insert its path.\nif which swiftlint >/dev/null; then\n  swiftlint\nelse\n  echo \"warning: SwiftLint not installed, download from https://github.com/realm/SwiftLint\"\nfi\n";
		};
		608BB7ED260FA249003DF558 /* SwiftGen */ = {
			isa = PBXShellScriptBuildPhase;
			buildActionMask = 2147483647;
			files = (
			);
			inputFileListPaths = (
			);
			inputPaths = (
			);
			name = SwiftGen;
			outputFileListPaths = (
			);
			outputPaths = (
			);
			runOnlyForDeploymentPostprocessing = 0;
			shellPath = /bin/sh;
			shellScript = "if which swiftgen >/dev/null; then\n  swiftgen\nelse\n  echo \"warning: SwiftGen not installed, download it from https://github.com/SwiftGen/SwiftGen\"\nfi\n";
		};
/* End PBXShellScriptBuildPhase section */

/* Begin PBXSourcesBuildPhase section */
		608BB7A4260F9C01003DF558 /* Sources */ = {
			isa = PBXSourcesBuildPhase;
			buildActionMask = 2147483647;
			files = (
				608BB7AC260F9C01003DF558 /* AppDelegate.swift in Sources */,
				60456445260FCD1C00B3A203 /* Variable.swift in Sources */,
				6045648A260FD4AB00B3A203 /* RecipeListViewController.swift in Sources */,
				60F9F5792611284900ACFB7F /* NSObject+Helpers.swift in Sources */,
				604563EC260FB4E200B3A203 /* NetworkError.swift in Sources */,
				604563F2260FC1E100B3A203 /* Environment.swift in Sources */,
				60F9F5542611192200ACFB7F /* UIImage+LoadImage.swift in Sources */,
				6045639D260FA7CE00B3A203 /* Assets.swift in Sources */,
				604563BA260FB07000B3A203 /* JSONParameterEncoding.swift in Sources */,
				60456435260FCCB900B3A203 /* BaseVeiwModel.swift in Sources */,
				6045642D260FCC1800B3A203 /* BaseViewController.swift in Sources */,
				604563E7260FB44400B3A203 /* NetworkManager.swift in Sources */,
				604563B2260FB05100B3A203 /* ParameterEncoding.swift in Sources */,
				604563E2260FB2D700B3A203 /* Router.swift in Sources */,
				604564DA260FE8B200B3A203 /* UserDefaults+Services.swift in Sources */,
				60F9F589261137C300ACFB7F /* RecipeDetailsViewController.swift in Sources */,
				60F9F5082610DEDB00ACFB7F /* ValidatorFactory.swift in Sources */,
				60456495260FD6EF00B3A203 /* FavoriteViewController.swift in Sources */,
				60F9F56426111CB200ACFB7F /* RecipeCellRepresentable.swift in Sources */,
				60F9F5242610FBE800ACFB7F /* RecipeMainModel.swift in Sources */,
				604563FA260FC32100B3A203 /* RecipeEndPoint.swift in Sources */,
				60F9F5742611281D00ACFB7F /* TableView+Helpers.swift in Sources */,
				60F9F55B26111C9600ACFB7F /* RecipeCell.swift in Sources */,
				60456451260FCD7200B3A203 /* UIViewController.swift+Loadding+Alert.swift in Sources */,
				60F9F538261103D000ACFB7F /* RecipeListViewModel.swift in Sources */,
				60456441260FCD1C00B3A203 /* BehaviorSubject.swift in Sources */,
				60456483260FD43100B3A203 /* RecipeListCoordinator.swift in Sources */,
				604563C9260FB10C00B3A203 /* HTTPMethod.swift in Sources */,
				60456444260FCD1C00B3A203 /* Observer.swift in Sources */,
				60F9F54C261118E400ACFB7F /* ImageRepresentable.swift in Sources */,
				60F9F4B12610BDFE00ACFB7F /* LoginViewModel.swift in Sources */,
				60456400260FC80C00B3A203 /* Coordinator.swift in Sources */,
				60456442260FCD1C00B3A203 /* ObservationToken.swift in Sources */,
				60456443260FCD1C00B3A203 /* PublishSubject.swift in Sources */,
				6045640A260FC94000B3A203 /* AppTab.swift in Sources */,
				604564A8260FD80000B3A203 /* ApplicationCoordinator.swift in Sources */,
				604564C9260FE6EA00B3A203 /* UserDefaults.swift in Sources */,
				604564B2260FDA4F00B3A203 /* LoginViewController.swift in Sources */,
				604563D8260FB1E200B3A203 /* URLSessionProtocol.swift in Sources */,
				604564DF260FEB1C00B3A203 /* AuthCoordinator.swift in Sources */,
				60456412260FC9DC00B3A203 /* MainTabBarController.swift in Sources */,
				60F9F5192610E48900ACFB7F /* RecipeTextField.swift in Sources */,
				604564D1260FE77500B3A203 /* UserDefaultsKeys.swift in Sources */,
				60F9F4CF2610CFD400ACFB7F /* User.swift in Sources */,
				604563BF260FB08C00B3A203 /* URLParameterEncoding.swift in Sources */,
				608BB7AE260F9C01003DF558 /* SceneDelegate.swift in Sources */,
				604563CE260FB12200B3A203 /* HttpTask.swift in Sources */,
				60F9F4A52610B1C400ACFB7F /* UIView + Helpers.swift in Sources */,
				604564A0260FD71900B3A203 /* FavoriteCoordinator.swift in Sources */,
				60456446260FCD1C00B3A203 /* Observable.swift in Sources */,
				604563C4260FB0FB00B3A203 /* EndPointType.swift in Sources */,
				60F9F56F261123E300ACFB7F /* Recipe+Representable.swift in Sources */,
				60456427260FCAD700B3A203 /* TabBarCoordinator.swift in Sources */,
				604563D3260FB13900B3A203 /* NetworkRouterProtocol.swift in Sources */,
				6045647D260FD3BE00B3A203 /* TabBarItem + ImageOnly.swift in Sources */,
				6045644B260FCD2900B3A203 /* State.swift in Sources */,
				60F9F52C2610FD5400ACFB7F /* RecipeUseCase.swift in Sources */,
				60F9F4D72610D10B00ACFB7F /* LoginUseCase.swift in Sources */,
			);
			runOnlyForDeploymentPostprocessing = 0;
		};
		608BB7BA260F9C02003DF558 /* Sources */ = {
			isa = PBXSourcesBuildPhase;
			buildActionMask = 2147483647;
			files = (
			);
			runOnlyForDeploymentPostprocessing = 0;
		};
		608BB7C5260F9C02003DF558 /* Sources */ = {
			isa = PBXSourcesBuildPhase;
			buildActionMask = 2147483647;
			files = (
			);
			runOnlyForDeploymentPostprocessing = 0;
		};
/* End PBXSourcesBuildPhase section */

/* Begin PBXTargetDependency section */
		608BB7C0260F9C02003DF558 /* PBXTargetDependency */ = {
			isa = PBXTargetDependency;
			target = 608BB7A7260F9C01003DF558 /* RecipeApp */;
			targetProxy = 608BB7BF260F9C02003DF558 /* PBXContainerItemProxy */;
		};
		608BB7CB260F9C02003DF558 /* PBXTargetDependency */ = {
			isa = PBXTargetDependency;
			target = 608BB7A7260F9C01003DF558 /* RecipeApp */;
			targetProxy = 608BB7CA260F9C02003DF558 /* PBXContainerItemProxy */;
		};
/* End PBXTargetDependency section */

/* Begin PBXVariantGroup section */
		608BB7B6260F9C02003DF558 /* LaunchScreen.storyboard */ = {
			isa = PBXVariantGroup;
			children = (
				608BB7B7260F9C02003DF558 /* Base */,
			);
			name = LaunchScreen.storyboard;
			sourceTree = "<group>";
		};
/* End PBXVariantGroup section */

/* Begin XCBuildConfiguration section */
		608BB7D0260F9C02003DF558 /* Debug */ = {
			isa = XCBuildConfiguration;
			buildSettings = {
				ALWAYS_SEARCH_USER_PATHS = NO;
				CLANG_ANALYZER_NONNULL = YES;
				CLANG_ANALYZER_NUMBER_OBJECT_CONVERSION = YES_AGGRESSIVE;
				CLANG_CXX_LANGUAGE_STANDARD = "gnu++14";
				CLANG_CXX_LIBRARY = "libc++";
				CLANG_ENABLE_MODULES = YES;
				CLANG_ENABLE_OBJC_ARC = YES;
				CLANG_ENABLE_OBJC_WEAK = YES;
				CLANG_WARN_BLOCK_CAPTURE_AUTORELEASING = YES;
				CLANG_WARN_BOOL_CONVERSION = YES;
				CLANG_WARN_COMMA = YES;
				CLANG_WARN_CONSTANT_CONVERSION = YES;
				CLANG_WARN_DEPRECATED_OBJC_IMPLEMENTATIONS = YES;
				CLANG_WARN_DIRECT_OBJC_ISA_USAGE = YES_ERROR;
				CLANG_WARN_DOCUMENTATION_COMMENTS = YES;
				CLANG_WARN_EMPTY_BODY = YES;
				CLANG_WARN_ENUM_CONVERSION = YES;
				CLANG_WARN_INFINITE_RECURSION = YES;
				CLANG_WARN_INT_CONVERSION = YES;
				CLANG_WARN_NON_LITERAL_NULL_CONVERSION = YES;
				CLANG_WARN_OBJC_IMPLICIT_RETAIN_SELF = YES;
				CLANG_WARN_OBJC_LITERAL_CONVERSION = YES;
				CLANG_WARN_OBJC_ROOT_CLASS = YES_ERROR;
				CLANG_WARN_QUOTED_INCLUDE_IN_FRAMEWORK_HEADER = YES;
				CLANG_WARN_RANGE_LOOP_ANALYSIS = YES;
				CLANG_WARN_STRICT_PROTOTYPES = YES;
				CLANG_WARN_SUSPICIOUS_MOVE = YES;
				CLANG_WARN_UNGUARDED_AVAILABILITY = YES_AGGRESSIVE;
				CLANG_WARN_UNREACHABLE_CODE = YES;
				CLANG_WARN__DUPLICATE_METHOD_MATCH = YES;
				COPY_PHASE_STRIP = NO;
				DEBUG_INFORMATION_FORMAT = dwarf;
				ENABLE_STRICT_OBJC_MSGSEND = YES;
				ENABLE_TESTABILITY = YES;
				GCC_C_LANGUAGE_STANDARD = gnu11;
				GCC_DYNAMIC_NO_PIC = NO;
				GCC_NO_COMMON_BLOCKS = YES;
				GCC_OPTIMIZATION_LEVEL = 0;
				GCC_PREPROCESSOR_DEFINITIONS = (
					"DEBUG=1",
					"$(inherited)",
				);
				GCC_WARN_64_TO_32_BIT_CONVERSION = YES;
				GCC_WARN_ABOUT_RETURN_TYPE = YES_ERROR;
				GCC_WARN_UNDECLARED_SELECTOR = YES;
				GCC_WARN_UNINITIALIZED_AUTOS = YES_AGGRESSIVE;
				GCC_WARN_UNUSED_FUNCTION = YES;
				GCC_WARN_UNUSED_VARIABLE = YES;
				IPHONEOS_DEPLOYMENT_TARGET = 13.0;
				MTL_ENABLE_DEBUG_INFO = INCLUDE_SOURCE;
				MTL_FAST_MATH = YES;
				ONLY_ACTIVE_ARCH = YES;
				SDKROOT = iphoneos;
				SWIFT_ACTIVE_COMPILATION_CONDITIONS = DEBUG;
				SWIFT_OPTIMIZATION_LEVEL = "-Onone";
			};
			name = Debug;
		};
		608BB7D1260F9C02003DF558 /* Release */ = {
			isa = XCBuildConfiguration;
			buildSettings = {
				ALWAYS_SEARCH_USER_PATHS = NO;
				CLANG_ANALYZER_NONNULL = YES;
				CLANG_ANALYZER_NUMBER_OBJECT_CONVERSION = YES_AGGRESSIVE;
				CLANG_CXX_LANGUAGE_STANDARD = "gnu++14";
				CLANG_CXX_LIBRARY = "libc++";
				CLANG_ENABLE_MODULES = YES;
				CLANG_ENABLE_OBJC_ARC = YES;
				CLANG_ENABLE_OBJC_WEAK = YES;
				CLANG_WARN_BLOCK_CAPTURE_AUTORELEASING = YES;
				CLANG_WARN_BOOL_CONVERSION = YES;
				CLANG_WARN_COMMA = YES;
				CLANG_WARN_CONSTANT_CONVERSION = YES;
				CLANG_WARN_DEPRECATED_OBJC_IMPLEMENTATIONS = YES;
				CLANG_WARN_DIRECT_OBJC_ISA_USAGE = YES_ERROR;
				CLANG_WARN_DOCUMENTATION_COMMENTS = YES;
				CLANG_WARN_EMPTY_BODY = YES;
				CLANG_WARN_ENUM_CONVERSION = YES;
				CLANG_WARN_INFINITE_RECURSION = YES;
				CLANG_WARN_INT_CONVERSION = YES;
				CLANG_WARN_NON_LITERAL_NULL_CONVERSION = YES;
				CLANG_WARN_OBJC_IMPLICIT_RETAIN_SELF = YES;
				CLANG_WARN_OBJC_LITERAL_CONVERSION = YES;
				CLANG_WARN_OBJC_ROOT_CLASS = YES_ERROR;
				CLANG_WARN_QUOTED_INCLUDE_IN_FRAMEWORK_HEADER = YES;
				CLANG_WARN_RANGE_LOOP_ANALYSIS = YES;
				CLANG_WARN_STRICT_PROTOTYPES = YES;
				CLANG_WARN_SUSPICIOUS_MOVE = YES;
				CLANG_WARN_UNGUARDED_AVAILABILITY = YES_AGGRESSIVE;
				CLANG_WARN_UNREACHABLE_CODE = YES;
				CLANG_WARN__DUPLICATE_METHOD_MATCH = YES;
				COPY_PHASE_STRIP = NO;
				DEBUG_INFORMATION_FORMAT = "dwarf-with-dsym";
				ENABLE_NS_ASSERTIONS = NO;
				ENABLE_STRICT_OBJC_MSGSEND = YES;
				GCC_C_LANGUAGE_STANDARD = gnu11;
				GCC_NO_COMMON_BLOCKS = YES;
				GCC_WARN_64_TO_32_BIT_CONVERSION = YES;
				GCC_WARN_ABOUT_RETURN_TYPE = YES_ERROR;
				GCC_WARN_UNDECLARED_SELECTOR = YES;
				GCC_WARN_UNINITIALIZED_AUTOS = YES_AGGRESSIVE;
				GCC_WARN_UNUSED_FUNCTION = YES;
				GCC_WARN_UNUSED_VARIABLE = YES;
				IPHONEOS_DEPLOYMENT_TARGET = 13.0;
				MTL_ENABLE_DEBUG_INFO = NO;
				MTL_FAST_MATH = YES;
				SDKROOT = iphoneos;
				SWIFT_COMPILATION_MODE = wholemodule;
				SWIFT_OPTIMIZATION_LEVEL = "-O";
				VALIDATE_PRODUCT = YES;
			};
			name = Release;
		};
		608BB7D3260F9C02003DF558 /* Debug */ = {
			isa = XCBuildConfiguration;
			buildSettings = {
				ASSETCATALOG_COMPILER_APPICON_NAME = AppIcon;
				ASSETCATALOG_COMPILER_GLOBAL_ACCENT_COLOR_NAME = AccentColor;
				CODE_SIGN_STYLE = Automatic;
				DEVELOPMENT_TEAM = 2C86JD592M;
				INFOPLIST_FILE = "$(SRCROOT)/RecipeApp/Resources/Info.plist";
				LD_RUNPATH_SEARCH_PATHS = (
					"$(inherited)",
					"@executable_path/Frameworks",
				);
				PRODUCT_BUNDLE_IDENTIFIER = com.example.RecipeApp;
				PRODUCT_NAME = "$(TARGET_NAME)";
				SWIFT_VERSION = 5.0;
				TARGETED_DEVICE_FAMILY = "1,2";
			};
			name = Debug;
		};
		608BB7D4260F9C02003DF558 /* Release */ = {
			isa = XCBuildConfiguration;
			buildSettings = {
				ASSETCATALOG_COMPILER_APPICON_NAME = AppIcon;
				ASSETCATALOG_COMPILER_GLOBAL_ACCENT_COLOR_NAME = AccentColor;
				CODE_SIGN_STYLE = Automatic;
				DEVELOPMENT_TEAM = 2C86JD592M;
				INFOPLIST_FILE = "$(SRCROOT)/RecipeApp/Resources/Info.plist";
				LD_RUNPATH_SEARCH_PATHS = (
					"$(inherited)",
					"@executable_path/Frameworks",
				);
				PRODUCT_BUNDLE_IDENTIFIER = com.example.RecipeApp;
				PRODUCT_NAME = "$(TARGET_NAME)";
				SWIFT_VERSION = 5.0;
				TARGETED_DEVICE_FAMILY = "1,2";
			};
			name = Release;
		};
		608BB7D6260F9C02003DF558 /* Debug */ = {
			isa = XCBuildConfiguration;
			buildSettings = {
				ALWAYS_EMBED_SWIFT_STANDARD_LIBRARIES = YES;
				BUNDLE_LOADER = "$(TEST_HOST)";
				CODE_SIGN_STYLE = Automatic;
				DEVELOPMENT_TEAM = 2C86JD592M;
				INFOPLIST_FILE = RecipeAppTests/Info.plist;
				IPHONEOS_DEPLOYMENT_TARGET = 14.3;
				LD_RUNPATH_SEARCH_PATHS = (
					"$(inherited)",
					"@executable_path/Frameworks",
					"@loader_path/Frameworks",
				);
				PRODUCT_BUNDLE_IDENTIFIER = com.example.RecipeAppTests;
				PRODUCT_NAME = "$(TARGET_NAME)";
				SWIFT_VERSION = 5.0;
				TARGETED_DEVICE_FAMILY = "1,2";
				TEST_HOST = "$(BUILT_PRODUCTS_DIR)/RecipeApp.app/RecipeApp";
			};
			name = Debug;
		};
		608BB7D7260F9C02003DF558 /* Release */ = {
			isa = XCBuildConfiguration;
			buildSettings = {
				ALWAYS_EMBED_SWIFT_STANDARD_LIBRARIES = YES;
				BUNDLE_LOADER = "$(TEST_HOST)";
				CODE_SIGN_STYLE = Automatic;
				DEVELOPMENT_TEAM = 2C86JD592M;
				INFOPLIST_FILE = RecipeAppTests/Info.plist;
				IPHONEOS_DEPLOYMENT_TARGET = 14.3;
				LD_RUNPATH_SEARCH_PATHS = (
					"$(inherited)",
					"@executable_path/Frameworks",
					"@loader_path/Frameworks",
				);
				PRODUCT_BUNDLE_IDENTIFIER = com.example.RecipeAppTests;
				PRODUCT_NAME = "$(TARGET_NAME)";
				SWIFT_VERSION = 5.0;
				TARGETED_DEVICE_FAMILY = "1,2";
				TEST_HOST = "$(BUILT_PRODUCTS_DIR)/RecipeApp.app/RecipeApp";
			};
			name = Release;
		};
		608BB7D9260F9C02003DF558 /* Debug */ = {
			isa = XCBuildConfiguration;
			buildSettings = {
				ALWAYS_EMBED_SWIFT_STANDARD_LIBRARIES = YES;
				CODE_SIGN_STYLE = Automatic;
				DEVELOPMENT_TEAM = 2C86JD592M;
				INFOPLIST_FILE = RecipeAppUITests/Info.plist;
				LD_RUNPATH_SEARCH_PATHS = (
					"$(inherited)",
					"@executable_path/Frameworks",
					"@loader_path/Frameworks",
				);
				PRODUCT_BUNDLE_IDENTIFIER = com.example.RecipeAppUITests;
				PRODUCT_NAME = "$(TARGET_NAME)";
				SWIFT_VERSION = 5.0;
				TARGETED_DEVICE_FAMILY = "1,2";
				TEST_TARGET_NAME = RecipeApp;
			};
			name = Debug;
		};
		608BB7DA260F9C02003DF558 /* Release */ = {
			isa = XCBuildConfiguration;
			buildSettings = {
				ALWAYS_EMBED_SWIFT_STANDARD_LIBRARIES = YES;
				CODE_SIGN_STYLE = Automatic;
				DEVELOPMENT_TEAM = 2C86JD592M;
				INFOPLIST_FILE = RecipeAppUITests/Info.plist;
				LD_RUNPATH_SEARCH_PATHS = (
					"$(inherited)",
					"@executable_path/Frameworks",
					"@loader_path/Frameworks",
				);
				PRODUCT_BUNDLE_IDENTIFIER = com.example.RecipeAppUITests;
				PRODUCT_NAME = "$(TARGET_NAME)";
				SWIFT_VERSION = 5.0;
				TARGETED_DEVICE_FAMILY = "1,2";
				TEST_TARGET_NAME = RecipeApp;
			};
			name = Release;
		};
/* End XCBuildConfiguration section */

/* Begin XCConfigurationList section */
		608BB7A3260F9C00003DF558 /* Build configuration list for PBXProject "RecipeApp" */ = {
			isa = XCConfigurationList;
			buildConfigurations = (
				608BB7D0260F9C02003DF558 /* Debug */,
				608BB7D1260F9C02003DF558 /* Release */,
			);
			defaultConfigurationIsVisible = 0;
			defaultConfigurationName = Release;
		};
		608BB7D2260F9C02003DF558 /* Build configuration list for PBXNativeTarget "RecipeApp" */ = {
			isa = XCConfigurationList;
			buildConfigurations = (
				608BB7D3260F9C02003DF558 /* Debug */,
				608BB7D4260F9C02003DF558 /* Release */,
			);
			defaultConfigurationIsVisible = 0;
			defaultConfigurationName = Release;
		};
		608BB7D5260F9C02003DF558 /* Build configuration list for PBXNativeTarget "RecipeAppTests" */ = {
			isa = XCConfigurationList;
			buildConfigurations = (
				608BB7D6260F9C02003DF558 /* Debug */,
				608BB7D7260F9C02003DF558 /* Release */,
			);
			defaultConfigurationIsVisible = 0;
			defaultConfigurationName = Release;
		};
		608BB7D8260F9C02003DF558 /* Build configuration list for PBXNativeTarget "RecipeAppUITests" */ = {
			isa = XCConfigurationList;
			buildConfigurations = (
				608BB7D9260F9C02003DF558 /* Debug */,
				608BB7DA260F9C02003DF558 /* Release */,
			);
			defaultConfigurationIsVisible = 0;
			defaultConfigurationName = Release;
		};
/* End XCConfigurationList section */

/* Begin XCRemoteSwiftPackageReference section */
		60F9F541261118CE00ACFB7F /* XCRemoteSwiftPackageReference "Kingfisher" */ = {
			isa = XCRemoteSwiftPackageReference;
			repositoryURL = "https://github.com/onevcat/Kingfisher.git";
			requirement = {
				kind = upToNextMajorVersion;
				minimumVersion = 6.2.1;
			};
		};
/* End XCRemoteSwiftPackageReference section */

/* Begin XCSwiftPackageProductDependency section */
		60F9F542261118CE00ACFB7F /* Kingfisher */ = {
			isa = XCSwiftPackageProductDependency;
			package = 60F9F541261118CE00ACFB7F /* XCRemoteSwiftPackageReference "Kingfisher" */;
			productName = Kingfisher;
		};
/* End XCSwiftPackageProductDependency section */
	};
	rootObject = 608BB7A0260F9C00003DF558 /* Project object */;
}
